// !$*UTF8*$!
{
	archiveVersion = 1;
	classes = {
	};
	objectVersion = 77;
	objects = {

/* Begin PBXBuildFile section */
		12D8BFD42DF3358A00FAB234 /* Session+CoreDataClass.swift in Sources */ = {isa = PBXBuildFile; fileRef = 12D8BFD22DF3358A00FAB234 /* Session+CoreDataClass.swift */; };
		12D8BFD52DF3358A00FAB234 /* Session+CoreDataProperties.swift in Sources */ = {isa = PBXBuildFile; fileRef = 12D8BFD32DF3358A00FAB234 /* Session+CoreDataProperties.swift */; };
/* End PBXBuildFile section */

/* Begin PBXContainerItemProxy section */
		12D8BF452DF1FB4000FAB234 /* PBXContainerItemProxy */ = {
			isa = PBXContainerItemProxy;
			containerPortal = 12D8BF2C2DF1FB3000FAB234 /* Project object */;
			proxyType = 1;
			remoteGlobalIDString = 12D8BF332DF1FB3000FAB234;
			remoteInfo = "Chip Count";
		};
		12D8BF4F2DF1FB4000FAB234 /* PBXContainerItemProxy */ = {
			isa = PBXContainerItemProxy;
			containerPortal = 12D8BF2C2DF1FB3000FAB234 /* Project object */;
			proxyType = 1;
			remoteGlobalIDString = 12D8BF332DF1FB3000FAB234;
			remoteInfo = "Chip Count";
		};
/* End PBXContainerItemProxy section */

/* Begin PBXFileReference section */
		12D8BF342DF1FB3000FAB234 /* Chip Count.app */ = {isa = PBXFileReference; explicitFileType = wrapper.application; includeInIndex = 0; path = "Chip Count.app"; sourceTree = BUILT_PRODUCTS_DIR; };
		12D8BF442DF1FB4000FAB234 /* Chip CountTests.xctest */ = {isa = PBXFileReference; explicitFileType = wrapper.cfbundle; includeInIndex = 0; path = "Chip CountTests.xctest"; sourceTree = BUILT_PRODUCTS_DIR; };
		12D8BF4E2DF1FB4000FAB234 /* Chip CountUITests.xctest */ = {isa = PBXFileReference; explicitFileType = wrapper.cfbundle; includeInIndex = 0; path = "Chip CountUITests.xctest"; sourceTree = BUILT_PRODUCTS_DIR; };
		12D8BFD22DF3358A00FAB234 /* Session+CoreDataClass.swift */ = {isa = PBXFileReference; lastKnownFileType = sourcecode.swift; name = "Session+CoreDataClass.swift"; path = "Chip Count/Models/Session+CoreDataClass.swift"; sourceTree = "<group>"; };
		12D8BFD32DF3358A00FAB234 /* Session+CoreDataProperties.swift */ = {isa = PBXFileReference; lastKnownFileType = sourcecode.swift; name = "Session+CoreDataProperties.swift"; path = "Chip Count/Models/Session+CoreDataProperties.swift"; sourceTree = "<group>"; };
/* End PBXFileReference section */

/* Begin PBXFileSystemSynchronizedRootGroup section */
		12D8BF362DF1FB3000FAB234 /* Chip Count */ = {
			isa = PBXFileSystemSynchronizedRootGroup;
			path = "Chip Count";
			sourceTree = "<group>";
		};
		12D8BF472DF1FB4000FAB234 /* Chip CountTests */ = {
			isa = PBXFileSystemSynchronizedRootGroup;
			path = "Chip CountTests";
			sourceTree = "<group>";
		};
		12D8BF512DF1FB4000FAB234 /* Chip CountUITests */ = {
			isa = PBXFileSystemSynchronizedRootGroup;
			path = "Chip CountUITests";
			sourceTree = "<group>";
		};
/* End PBXFileSystemSynchronizedRootGroup section */

/* Begin PBXFrameworksBuildPhase section */
		12D8BF312DF1FB3000FAB234 /* Frameworks */ = {
			isa = PBXFrameworksBuildPhase;
			buildActionMask = 2147483647;
			files = (
			);
			runOnlyForDeploymentPostprocessing = 0;
		};
		12D8BF412DF1FB4000FAB234 /* Frameworks */ = {
			isa = PBXFrameworksBuildPhase;
			buildActionMask = 2147483647;
			files = (
			);
			runOnlyForDeploymentPostprocessing = 0;
		};
		12D8BF4B2DF1FB4000FAB234 /* Frameworks */ = {
			isa = PBXFrameworksBuildPhase;
			buildActionMask = 2147483647;
			files = (
			);
			runOnlyForDeploymentPostprocessing = 0;
		};
/* End PBXFrameworksBuildPhase section */

/* Begin PBXGroup section */
		12D8BF2B2DF1FB3000FAB234 = {
			isa = PBXGroup;
			children = (
				12D8BFD22DF3358A00FAB234 /* Session+CoreDataClass.swift */,
				12D8BFD32DF3358A00FAB234 /* Session+CoreDataProperties.swift */,
				12D8BF362DF1FB3000FAB234 /* Chip Count */,
				12D8BF472DF1FB4000FAB234 /* Chip CountTests */,
				12D8BF512DF1FB4000FAB234 /* Chip CountUITests */,
				12D8BF352DF1FB3000FAB234 /* Products */,
			);
			sourceTree = "<group>";
		};
		12D8BF352DF1FB3000FAB234 /* Products */ = {
			isa = PBXGroup;
			children = (
				12D8BF342DF1FB3000FAB234 /* Chip Count.app */,
				12D8BF442DF1FB4000FAB234 /* Chip CountTests.xctest */,
				12D8BF4E2DF1FB4000FAB234 /* Chip CountUITests.xctest */,
			);
			name = Products;
			sourceTree = "<group>";
		};
/* End PBXGroup section */

/* Begin PBXNativeTarget section */
		12D8BF332DF1FB3000FAB234 /* Chip Count */ = {
			isa = PBXNativeTarget;
			buildConfigurationList = 12D8BF582DF1FB4000FAB234 /* Build configuration list for PBXNativeTarget "Chip Count" */;
			buildPhases = (
				12D8BF302DF1FB3000FAB234 /* Sources */,
				12D8BF312DF1FB3000FAB234 /* Frameworks */,
				12D8BF322DF1FB3000FAB234 /* Resources */,
			);
			buildRules = (
			);
			dependencies = (
			);
			fileSystemSynchronizedGroups = (
				12D8BF362DF1FB3000FAB234 /* Chip Count */,
			);
			name = "Chip Count";
			packageProductDependencies = (
			);
			productName = "Chip Count";
			productReference = 12D8BF342DF1FB3000FAB234 /* Chip Count.app */;
			productType = "com.apple.product-type.application";
		};
		12D8BF432DF1FB4000FAB234 /* Chip CountTests */ = {
			isa = PBXNativeTarget;
			buildConfigurationList = 12D8BF5B2DF1FB4000FAB234 /* Build configuration list for PBXNativeTarget "Chip CountTests" */;
			buildPhases = (
				12D8BF402DF1FB4000FAB234 /* Sources */,
				12D8BF412DF1FB4000FAB234 /* Frameworks */,
				12D8BF422DF1FB4000FAB234 /* Resources */,
			);
			buildRules = (
			);
			dependencies = (
				12D8BF462DF1FB4000FAB234 /* PBXTargetDependency */,
			);
			fileSystemSynchronizedGroups = (
				12D8BF472DF1FB4000FAB234 /* Chip CountTests */,
			);
			name = "Chip CountTests";
			packageProductDependencies = (
			);
			productName = "Chip CountTests";
			productReference = 12D8BF442DF1FB4000FAB234 /* Chip CountTests.xctest */;
			productType = "com.apple.product-type.bundle.unit-test";
		};
		12D8BF4D2DF1FB4000FAB234 /* Chip CountUITests */ = {
			isa = PBXNativeTarget;
			buildConfigurationList = 12D8BF5E2DF1FB4000FAB234 /* Build configuration list for PBXNativeTarget "Chip CountUITests" */;
			buildPhases = (
				12D8BF4A2DF1FB4000FAB234 /* Sources */,
				12D8BF4B2DF1FB4000FAB234 /* Frameworks */,
				12D8BF4C2DF1FB4000FAB234 /* Resources */,
			);
			buildRules = (
			);
			dependencies = (
				12D8BF502DF1FB4000FAB234 /* PBXTargetDependency */,
			);
			fileSystemSynchronizedGroups = (
				12D8BF512DF1FB4000FAB234 /* Chip CountUITests */,
			);
			name = "Chip CountUITests";
			packageProductDependencies = (
			);
			productName = "Chip CountUITests";
			productReference = 12D8BF4E2DF1FB4000FAB234 /* Chip CountUITests.xctest */;
			productType = "com.apple.product-type.bundle.ui-testing";
		};
/* End PBXNativeTarget section */

/* Begin PBXProject section */
		12D8BF2C2DF1FB3000FAB234 /* Project object */ = {
			isa = PBXProject;
			attributes = {
				BuildIndependentTargetsInParallel = 1;
				LastSwiftUpdateCheck = 1620;
				LastUpgradeCheck = 1620;
				TargetAttributes = {
					12D8BF332DF1FB3000FAB234 = {
						CreatedOnToolsVersion = 16.2;
					};
					12D8BF432DF1FB4000FAB234 = {
						CreatedOnToolsVersion = 16.2;
						TestTargetID = 12D8BF332DF1FB3000FAB234;
					};
					12D8BF4D2DF1FB4000FAB234 = {
						CreatedOnToolsVersion = 16.2;
						TestTargetID = 12D8BF332DF1FB3000FAB234;
					};
				};
			};
			buildConfigurationList = 12D8BF2F2DF1FB3000FAB234 /* Build configuration list for PBXProject "Chip Count" */;
			developmentRegion = en;
			hasScannedForEncodings = 0;
			knownRegions = (
				en,
				Base,
			);
			mainGroup = 12D8BF2B2DF1FB3000FAB234;
			minimizedProjectReferenceProxies = 1;
			preferredProjectObjectVersion = 77;
			productRefGroup = 12D8BF352DF1FB3000FAB234 /* Products */;
			projectDirPath = "";
			projectRoot = "";
			targets = (
				12D8BF332DF1FB3000FAB234 /* Chip Count */,
				12D8BF432DF1FB4000FAB234 /* Chip CountTests */,
				12D8BF4D2DF1FB4000FAB234 /* Chip CountUITests */,
			);
		};
/* End PBXProject section */

/* Begin PBXResourcesBuildPhase section */
		12D8BF322DF1FB3000FAB234 /* Resources */ = {
			isa = PBXResourcesBuildPhase;
			buildActionMask = 2147483647;
			files = (
			);
			runOnlyForDeploymentPostprocessing = 0;
		};
		12D8BF422DF1FB4000FAB234 /* Resources */ = {
			isa = PBXResourcesBuildPhase;
			buildActionMask = 2147483647;
			files = (
			);
			runOnlyForDeploymentPostprocessing = 0;
		};
		12D8BF4C2DF1FB4000FAB234 /* Resources */ = {
			isa = PBXResourcesBuildPhase;
			buildActionMask = 2147483647;
			files = (
			);
			runOnlyForDeploymentPostprocessing = 0;
		};
/* End PBXResourcesBuildPhase section */

/* Begin PBXSourcesBuildPhase section */
		12D8BF302DF1FB3000FAB234 /* Sources */ = {
			isa = PBXSourcesBuildPhase;
			buildActionMask = 2147483647;
			files = (
				12D8BFD42DF3358A00FAB234 /* Session+CoreDataClass.swift in Sources */,
				12D8BFD52DF3358A00FAB234 /* Session+CoreDataProperties.swift in Sources */,
			);
			runOnlyForDeploymentPostprocessing = 0;
		};
		12D8BF402DF1FB4000FAB234 /* Sources */ = {
			isa = PBXSourcesBuildPhase;
			buildActionMask = 2147483647;
			files = (
			);
			runOnlyForDeploymentPostprocessing = 0;
		};
		12D8BF4A2DF1FB4000FAB234 /* Sources */ = {
			isa = PBXSourcesBuildPhase;
			buildActionMask = 2147483647;
			files = (
			);
			runOnlyForDeploymentPostprocessing = 0;
		};
/* End PBXSourcesBuildPhase section */

/* Begin PBXTargetDependency section */
		12D8BF462DF1FB4000FAB234 /* PBXTargetDependency */ = {
			isa = PBXTargetDependency;
			target = 12D8BF332DF1FB3000FAB234 /* Chip Count */;
			targetProxy = 12D8BF452DF1FB4000FAB234 /* PBXContainerItemProxy */;
		};
		12D8BF502DF1FB4000FAB234 /* PBXTargetDependency */ = {
			isa = PBXTargetDependency;
			target = 12D8BF332DF1FB3000FAB234 /* Chip Count */;
			targetProxy = 12D8BF4F2DF1FB4000FAB234 /* PBXContainerItemProxy */;
		};
/* End PBXTargetDependency section */

/* Begin XCBuildConfiguration section */
		12D8BF562DF1FB4000FAB234 /* Debug */ = {
			isa = XCBuildConfiguration;
			buildSettings = {
				ALWAYS_SEARCH_USER_PATHS = NO;
				ASSETCATALOG_COMPILER_GENERATE_SWIFT_ASSET_SYMBOL_EXTENSIONS = YES;
				CLANG_ANALYZER_NONNULL = YES;
				CLANG_ANALYZER_NUMBER_OBJECT_CONVERSION = YES_AGGRESSIVE;
				CLANG_CXX_LANGUAGE_STANDARD = "gnu++20";
				CLANG_ENABLE_MODULES = YES;
				CLANG_ENABLE_OBJC_ARC = YES;
				CLANG_ENABLE_OBJC_WEAK = YES;
				CLANG_WARN_BLOCK_CAPTURE_AUTORELEASING = YES;
				CLANG_WARN_BOOL_CONVERSION = YES;
				CLANG_WARN_COMMA = YES;
				CLANG_WARN_CONSTANT_CONVERSION = YES;
				CLANG_WARN_DEPRECATED_OBJC_IMPLEMENTATIONS = YES;
				CLANG_WARN_DIRECT_OBJC_ISA_USAGE = YES_ERROR;
				CLANG_WARN_DOCUMENTATION_COMMENTS = YES;
				CLANG_WARN_EMPTY_BODY = YES;
				CLANG_WARN_ENUM_CONVERSION = YES;
				CLANG_WARN_INFINITE_RECURSION = YES;
				CLANG_WARN_INT_CONVERSION = YES;
				CLANG_WARN_NON_LITERAL_NULL_CONVERSION = YES;
				CLANG_WARN_OBJC_IMPLICIT_RETAIN_SELF = YES;
				CLANG_WARN_OBJC_LITERAL_CONVERSION = YES;
				CLANG_WARN_OBJC_ROOT_CLASS = YES_ERROR;
				CLANG_WARN_QUOTED_INCLUDE_IN_FRAMEWORK_HEADER = YES;
				CLANG_WARN_RANGE_LOOP_ANALYSIS = YES;
				CLANG_WARN_STRICT_PROTOTYPES = YES;
				CLANG_WARN_SUSPICIOUS_MOVE = YES;
				CLANG_WARN_UNGUARDED_AVAILABILITY = YES_AGGRESSIVE;
				CLANG_WARN_UNREACHABLE_CODE = YES;
				CLANG_WARN__DUPLICATE_METHOD_MATCH = YES;
				COPY_PHASE_STRIP = NO;
				DEBUG_INFORMATION_FORMAT = dwarf;
				ENABLE_STRICT_OBJC_MSGSEND = YES;
				ENABLE_TESTABILITY = YES;
				ENABLE_USER_SCRIPT_SANDBOXING = YES;
				GCC_C_LANGUAGE_STANDARD = gnu17;
				GCC_DYNAMIC_NO_PIC = NO;
				GCC_NO_COMMON_BLOCKS = YES;
				GCC_OPTIMIZATION_LEVEL = 0;
				GCC_PREPROCESSOR_DEFINITIONS = (
					"DEBUG=1",
					"$(inherited)",
				);
				GCC_WARN_64_TO_32_BIT_CONVERSION = YES;
				GCC_WARN_ABOUT_RETURN_TYPE = YES_ERROR;
				GCC_WARN_UNDECLARED_SELECTOR = YES;
				GCC_WARN_UNINITIALIZED_AUTOS = YES_AGGRESSIVE;
				GCC_WARN_UNUSED_FUNCTION = YES;
				GCC_WARN_UNUSED_VARIABLE = YES;
				IPHONEOS_DEPLOYMENT_TARGET = 18.2;
				LOCALIZATION_PREFERS_STRING_CATALOGS = YES;
				MTL_ENABLE_DEBUG_INFO = INCLUDE_SOURCE;
				MTL_FAST_MATH = YES;
				ONLY_ACTIVE_ARCH = YES;
				SDKROOT = iphoneos;
				SWIFT_ACTIVE_COMPILATION_CONDITIONS = "DEBUG $(inherited)";
				SWIFT_OPTIMIZATION_LEVEL = "-Onone";
			};
			name = Debug;
		};
		12D8BF572DF1FB4000FAB234 /* Release */ = {
			isa = XCBuildConfiguration;
			buildSettings = {
				ALWAYS_SEARCH_USER_PATHS = NO;
				ASSETCATALOG_COMPILER_GENERATE_SWIFT_ASSET_SYMBOL_EXTENSIONS = YES;
				CLANG_ANALYZER_NONNULL = YES;
				CLANG_ANALYZER_NUMBER_OBJECT_CONVERSION = YES_AGGRESSIVE;
				CLANG_CXX_LANGUAGE_STANDARD = "gnu++20";
				CLANG_ENABLE_MODULES = YES;
				CLANG_ENABLE_OBJC_ARC = YES;
				CLANG_ENABLE_OBJC_WEAK = YES;
				CLANG_WARN_BLOCK_CAPTURE_AUTORELEASING = YES;
				CLANG_WARN_BOOL_CONVERSION = YES;
				CLANG_WARN_COMMA = YES;
				CLANG_WARN_CONSTANT_CONVERSION = YES;
				CLANG_WARN_DEPRECATED_OBJC_IMPLEMENTATIONS = YES;
				CLANG_WARN_DIRECT_OBJC_ISA_USAGE = YES_ERROR;
				CLANG_WARN_DOCUMENTATION_COMMENTS = YES;
				CLANG_WARN_EMPTY_BODY = YES;
				CLANG_WARN_ENUM_CONVERSION = YES;
				CLANG_WARN_INFINITE_RECURSION = YES;
				CLANG_WARN_INT_CONVERSION = YES;
				CLANG_WARN_NON_LITERAL_NULL_CONVERSION = YES;
				CLANG_WARN_OBJC_IMPLICIT_RETAIN_SELF = YES;
				CLANG_WARN_OBJC_LITERAL_CONVERSION = YES;
				CLANG_WARN_OBJC_ROOT_CLASS = YES_ERROR;
				CLANG_WARN_QUOTED_INCLUDE_IN_FRAMEWORK_HEADER = YES;
				CLANG_WARN_RANGE_LOOP_ANALYSIS = YES;
				CLANG_WARN_STRICT_PROTOTYPES = YES;
				CLANG_WARN_SUSPICIOUS_MOVE = YES;
				CLANG_WARN_UNGUARDED_AVAILABILITY = YES_AGGRESSIVE;
				CLANG_WARN_UNREACHABLE_CODE = YES;
				CLANG_WARN__DUPLICATE_METHOD_MATCH = YES;
				COPY_PHASE_STRIP = NO;
				DEBUG_INFORMATION_FORMAT = "dwarf-with-dsym";
				ENABLE_NS_ASSERTIONS = NO;
				ENABLE_STRICT_OBJC_MSGSEND = YES;
				ENABLE_USER_SCRIPT_SANDBOXING = YES;
				GCC_C_LANGUAGE_STANDARD = gnu17;
				GCC_NO_COMMON_BLOCKS = YES;
				GCC_WARN_64_TO_32_BIT_CONVERSION = YES;
				GCC_WARN_ABOUT_RETURN_TYPE = YES_ERROR;
				GCC_WARN_UNDECLARED_SELECTOR = YES;
				GCC_WARN_UNINITIALIZED_AUTOS = YES_AGGRESSIVE;
				GCC_WARN_UNUSED_FUNCTION = YES;
				GCC_WARN_UNUSED_VARIABLE = YES;
				IPHONEOS_DEPLOYMENT_TARGET = 18.2;
				LOCALIZATION_PREFERS_STRING_CATALOGS = YES;
				MTL_ENABLE_DEBUG_INFO = NO;
				MTL_FAST_MATH = YES;
				SDKROOT = iphoneos;
				SWIFT_COMPILATION_MODE = wholemodule;
				VALIDATE_PRODUCT = YES;
			};
			name = Release;
		};
		12D8BF592DF1FB4000FAB234 /* Debug */ = {
			isa = XCBuildConfiguration;
			buildSettings = {
				ASSETCATALOG_COMPILER_APPICON_NAME = AppIcon;
				ASSETCATALOG_COMPILER_GLOBAL_ACCENT_COLOR_NAME = AccentColor;
				CODE_SIGN_STYLE = Automatic;
				CURRENT_PROJECT_VERSION = 1;
				DEVELOPMENT_ASSET_PATHS = "\"Chip Count/Preview Content\"";
				DEVELOPMENT_TEAM = D38A3745A6;
				ENABLE_PREVIEWS = YES;
				GENERATE_INFOPLIST_FILE = YES;
				INFOPLIST_KEY_UIApplicationSceneManifest_Generation = YES;
				INFOPLIST_KEY_UIApplicationSupportsIndirectInputEvents = YES;
				INFOPLIST_KEY_UILaunchScreen_Generation = YES;
				INFOPLIST_KEY_UISupportedInterfaceOrientations = UIInterfaceOrientationPortrait;
				LD_RUNPATH_SEARCH_PATHS = (
					"$(inherited)",
					"@executable_path/Frameworks",
				);
				MARKETING_VERSION = 1.0;
				PRODUCT_BUNDLE_IDENTIFIER = "com.AnthonyPrevite.Chip-Count";
				PRODUCT_NAME = "$(TARGET_NAME)";
				SWIFT_EMIT_LOC_STRINGS = YES;
				SWIFT_VERSION = 5.0;
				TARGETED_DEVICE_FAMILY = "1,2";
			};
			name = Debug;
		};
		12D8BF5A2DF1FB4000FAB234 /* Release */ = {
			isa = XCBuildConfiguration;
			buildSettings = {
				ASSETCATALOG_COMPILER_APPICON_NAME = AppIcon;
				ASSETCATALOG_COMPILER_GLOBAL_ACCENT_COLOR_NAME = AccentColor;
				CODE_SIGN_STYLE = Automatic;
				CURRENT_PROJECT_VERSION = 1;
				DEVELOPMENT_ASSET_PATHS = "\"Chip Count/Preview Content\"";
				DEVELOPMENT_TEAM = D38A3745A6;
				ENABLE_PREVIEWS = YES;
				GENERATE_INFOPLIST_FILE = YES;
				INFOPLIST_KEY_UIApplicationSceneManifest_Generation = YES;
				INFOPLIST_KEY_UIApplicationSupportsIndirectInputEvents = YES;
				INFOPLIST_KEY_UILaunchScreen_Generation = YES;
				INFOPLIST_KEY_UISupportedInterfaceOrientations = UIInterfaceOrientationPortrait;
				LD_RUNPATH_SEARCH_PATHS = (
					"$(inherited)",
					"@executable_path/Frameworks",
				);
				MARKETING_VERSION = 1.0;
				PRODUCT_BUNDLE_IDENTIFIER = "com.AnthonyPrevite.Chip-Count";
				PRODUCT_NAME = "$(TARGET_NAME)";
				SWIFT_EMIT_LOC_STRINGS = YES;
				SWIFT_VERSION = 5.0;
				TARGETED_DEVICE_FAMILY = "1,2";
			};
			name = Release;
		};
		12D8BF5C2DF1FB4000FAB234 /* Debug */ = {
			isa = XCBuildConfiguration;
			buildSettings = {
				BUNDLE_LOADER = "$(TEST_HOST)";
				CODE_SIGN_STYLE = Automatic;
				CURRENT_PROJECT_VERSION = 1;
				DEVELOPMENT_TEAM = D38A3745A6;
				GENERATE_INFOPLIST_FILE = YES;
				IPHONEOS_DEPLOYMENT_TARGET = 18.2;
				MARKETING_VERSION = 1.0;
				PRODUCT_BUNDLE_IDENTIFIER = "com.AnthonyPrevite.Chip-CountTests";
				PRODUCT_NAME = "$(TARGET_NAME)";
				SWIFT_EMIT_LOC_STRINGS = NO;
				SWIFT_VERSION = 5.0;
				TARGETED_DEVICE_FAMILY = "1,2";
				TEST_HOST = "$(BUILT_PRODUCTS_DIR)/Chip Count.app/$(BUNDLE_EXECUTABLE_FOLDER_PATH)/Chip Count";
			};
			name = Debug;
		};
		12D8BF5D2DF1FB4000FAB234 /* Release */ = {
			isa = XCBuildConfiguration;
			buildSettings = {
				BUNDLE_LOADER = "$(TEST_HOST)";
				CODE_SIGN_STYLE = Automatic;
				CURRENT_PROJECT_VERSION = 1;
				DEVELOPMENT_TEAM = D38A3745A6;
				GENERATE_INFOPLIST_FILE = YES;
				IPHONEOS_DEPLOYMENT_TARGET = 18.2;
				MARKETING_VERSION = 1.0;
				PRODUCT_BUNDLE_IDENTIFIER = "com.AnthonyPrevite.Chip-CountTests";
				PRODUCT_NAME = "$(TARGET_NAME)";
				SWIFT_EMIT_LOC_STRINGS = NO;
				SWIFT_VERSION = 5.0;
				TARGETED_DEVICE_FAMILY = "1,2";
				TEST_HOST = "$(BUILT_PRODUCTS_DIR)/Chip Count.app/$(BUNDLE_EXECUTABLE_FOLDER_PATH)/Chip Count";
			};
			name = Release;
		};
		12D8BF5F2DF1FB4000FAB234 /* Debug */ = {
			isa = XCBuildConfiguration;
			buildSettings = {
				CODE_SIGN_STYLE = Automatic;
				CURRENT_PROJECT_VERSION = 1;
				DEVELOPMENT_TEAM = D38A3745A6;
				GENERATE_INFOPLIST_FILE = YES;
				MARKETING_VERSION = 1.0;
				PRODUCT_BUNDLE_IDENTIFIER = "com.AnthonyPrevite.Chip-CountUITests";
				PRODUCT_NAME = "$(TARGET_NAME)";
				SWIFT_EMIT_LOC_STRINGS = NO;
				SWIFT_VERSION = 5.0;
				TARGETED_DEVICE_FAMILY = "1,2";
				TEST_TARGET_NAME = "Chip Count";
			};
			name = Debug;
		};
		12D8BF602DF1FB4000FAB234 /* Release */ = {
			isa = XCBuildConfiguration;
			buildSettings = {
				CODE_SIGN_STYLE = Automatic;
				CURRENT_PROJECT_VERSION = 1;
				DEVELOPMENT_TEAM = D38A3745A6;
				GENERATE_INFOPLIST_FILE = YES;
				MARKETING_VERSION = 1.0;
				PRODUCT_BUNDLE_IDENTIFIER = "com.AnthonyPrevite.Chip-CountUITests";
				PRODUCT_NAME = "$(TARGET_NAME)";
				SWIFT_EMIT_LOC_STRINGS = NO;
				SWIFT_VERSION = 5.0;
				TARGETED_DEVICE_FAMILY = "1,2";
				TEST_TARGET_NAME = "Chip Count";
			};
			name = Release;
		};
/* End XCBuildConfiguration section */

/* Begin XCConfigurationList section */
		12D8BF2F2DF1FB3000FAB234 /* Build configuration list for PBXProject "Chip Count" */ = {
			isa = XCConfigurationList;
			buildConfigurations = (
				12D8BF562DF1FB4000FAB234 /* Debug */,
				12D8BF572DF1FB4000FAB234 /* Release */,
			);
			defaultConfigurationIsVisible = 0;
			defaultConfigurationName = Release;
		};
		12D8BF582DF1FB4000FAB234 /* Build configuration list for PBXNativeTarget "Chip Count" */ = {
			isa = XCConfigurationList;
			buildConfigurations = (
				12D8BF592DF1FB4000FAB234 /* Debug */,
				12D8BF5A2DF1FB4000FAB234 /* Release */,
			);
			defaultConfigurationIsVisible = 0;
			defaultConfigurationName = Release;
		};
		12D8BF5B2DF1FB4000FAB234 /* Build configuration list for PBXNativeTarget "Chip CountTests" */ = {
			isa = XCConfigurationList;
			buildConfigurations = (
				12D8BF5C2DF1FB4000FAB234 /* Debug */,
				12D8BF5D2DF1FB4000FAB234 /* Release */,
			);
			defaultConfigurationIsVisible = 0;
			defaultConfigurationName = Release;
		};
		12D8BF5E2DF1FB4000FAB234 /* Build configuration list for PBXNativeTarget "Chip CountUITests" */ = {
			isa = XCConfigurationList;
			buildConfigurations = (
				12D8BF5F2DF1FB4000FAB234 /* Debug */,
				12D8BF602DF1FB4000FAB234 /* Release */,
			);
			defaultConfigurationIsVisible = 0;
			defaultConfigurationName = Release;
		};
/* End XCConfigurationList section */
	};
	rootObject = 12D8BF2C2DF1FB3000FAB234 /* Project object */;
}
